
Microsoft Visual Studio Solution File, Format Version 12.00
# Visual Studio 15
VisualStudioVersion = 15.0.28307.438
MinimumVisualStudioVersion = 10.0.40219.1
Project("{8BC9CEB8-8B4A-11D0-8D11-00A0C91BC942}") = "SumOfEqualDifference", "SumOfEqualDifference\SumOfEqualDifference.vcxproj", "{A6723ABF-0127-4359-BB96-98FBFD8D5EA4}"
EndProject
Global
	GlobalSection(SolutionConfigurationPlatforms) = preSolution
		Debug|x64 = Debug|x64
		Debug|x86 = Debug|x86
		Release|x64 = Release|x64
		Release|x86 = Release|x86
	EndGlobalSection
	GlobalSection(ProjectConfigurationPlatforms) = postSolution
		{A6723ABF-0127-4359-BB96-98FBFD8D5EA4}.Debug|x64.ActiveCfg = Debug|x64
		{A6723ABF-0127-4359-BB96-98FBFD8D5EA4}.Debug|x64.Build.0 = Debug|x64
		{A6723ABF-0127-4359-BB96-98FBFD8D5EA4}.Debug|x86.ActiveCfg = Debug|Win32
		{A6723ABF-0127-4359-BB96-98FBFD8D5EA4}.Debug|x86.Build.0 = Debug|Win32
		{A6723ABF-0127-4359-BB96-98FBFD8D5EA4}.Release|x64.ActiveCfg = Release|x64
		{A6723ABF-0127-4359-BB96-98FBFD8D5EA4}.Release|x64.Build.0 = Release|x64
		{A6723ABF-0127-4359-BB96-98FBFD8D5EA4}.Release|x86.ActiveCfg = Release|Win32
		{A6723ABF-0127-4359-BB96-98FBFD8D5EA4}.Release|x86.Build.0 = Release|Win32
	EndGlobalSection
	GlobalSection(SolutionProperties) = preSolution
		HideSolutionNode = FALSE
	EndGlobalSection
	GlobalSection(ExtensibilityGlobals) = postSolution
		SolutionGuid = {2D0A6D3E-3D14-4706-A5CC-587227469C52}
	EndGlobalSection
EndGlobal
