
Microsoft Visual Studio Solution File, Format Version 12.00
# Visual Studio 15
VisualStudioVersion = 15.0.28307.438
MinimumVisualStudioVersion = 10.0.40219.1
Project("{8BC9CEB8-8B4A-11D0-8D11-00A0C91BC942}") = "InverseString", "InverseString\InverseString.vcxproj", "{6293F679-7DF3-4118-8B55-F4ED753A569D}"
EndProject
Global
	GlobalSection(SolutionConfigurationPlatforms) = preSolution
		Debug|x64 = Debug|x64
		Debug|x86 = Debug|x86
		Release|x64 = Release|x64
		Release|x86 = Release|x86
	EndGlobalSection
	GlobalSection(ProjectConfigurationPlatforms) = postSolution
		{6293F679-7DF3-4118-8B55-F4ED753A569D}.Debug|x64.ActiveCfg = Debug|x64
		{6293F679-7DF3-4118-8B55-F4ED753A569D}.Debug|x64.Build.0 = Debug|x64
		{6293F679-7DF3-4118-8B55-F4ED753A569D}.Debug|x86.ActiveCfg = Debug|Win32
		{6293F679-7DF3-4118-8B55-F4ED753A569D}.Debug|x86.Build.0 = Debug|Win32
		{6293F679-7DF3-4118-8B55-F4ED753A569D}.Release|x64.ActiveCfg = Release|x64
		{6293F679-7DF3-4118-8B55-F4ED753A569D}.Release|x64.Build.0 = Release|x64
		{6293F679-7DF3-4118-8B55-F4ED753A569D}.Release|x86.ActiveCfg = Release|Win32
		{6293F679-7DF3-4118-8B55-F4ED753A569D}.Release|x86.Build.0 = Release|Win32
	EndGlobalSection
	GlobalSection(SolutionProperties) = preSolution
		HideSolutionNode = FALSE
	EndGlobalSection
	GlobalSection(ExtensibilityGlobals) = postSolution
		SolutionGuid = {A3FC605F-4966-4354-8229-5201A80E0E6A}
	EndGlobalSection
EndGlobal
